// !$*UTF8*$!
{
	archiveVersion = 1;
	classes = {
	};
	objectVersion = 46;
	objects = {

/* Begin PBXBuildFile section */
		7B0EA0761C583C96002A0366 /* AppDelegate.swift in Sources */ = {isa = PBXBuildFile; fileRef = 7B0EA0751C583C96002A0366 /* AppDelegate.swift */; };
		7B0EA0781C583C96002A0366 /* ViewController.swift in Sources */ = {isa = PBXBuildFile; fileRef = 7B0EA0771C583C96002A0366 /* ViewController.swift */; };
		7B0EA07B1C583C96002A0366 /* Main.storyboard in Resources */ = {isa = PBXBuildFile; fileRef = 7B0EA0791C583C96002A0366 /* Main.storyboard */; };
		7B0EA07D1C583C96002A0366 /* Assets.xcassets in Resources */ = {isa = PBXBuildFile; fileRef = 7B0EA07C1C583C96002A0366 /* Assets.xcassets */; };
		7B0EA0801C583C96002A0366 /* LaunchScreen.storyboard in Resources */ = {isa = PBXBuildFile; fileRef = 7B0EA07E1C583C96002A0366 /* LaunchScreen.storyboard */; };
		7B0EA08B1C583C97002A0366 /* Scavenger_HuntTests.swift in Sources */ = {isa = PBXBuildFile; fileRef = 7B0EA08A1C583C97002A0366 /* Scavenger_HuntTests.swift */; };
		7B0EA0961C583C97002A0366 /* Scavenger_HuntUITests.swift in Sources */ = {isa = PBXBuildFile; fileRef = 7B0EA0951C583C97002A0366 /* Scavenger_HuntUITests.swift */; };
/* End PBXBuildFile section */

/* Begin PBXContainerItemProxy section */
		7B0EA0871C583C97002A0366 /* PBXContainerItemProxy */ = {
			isa = PBXContainerItemProxy;
			containerPortal = 7B0EA06A1C583C96002A0366 /* Project object */;
			proxyType = 1;
			remoteGlobalIDString = 7B0EA0711C583C96002A0366;
			remoteInfo = "Scavenger Hunt";
		};
		7B0EA0921C583C97002A0366 /* PBXContainerItemProxy */ = {
			isa = PBXContainerItemProxy;
			containerPortal = 7B0EA06A1C583C96002A0366 /* Project object */;
			proxyType = 1;
			remoteGlobalIDString = 7B0EA0711C583C96002A0366;
			remoteInfo = "Scavenger Hunt";
		};
/* End PBXContainerItemProxy section */

/* Begin PBXFileReference section */
		7B0EA0721C583C96002A0366 /* Scavenger Hunt.app */ = {isa = PBXFileReference; explicitFileType = wrapper.application; includeInIndex = 0; path = "Scavenger Hunt.app"; sourceTree = BUILT_PRODUCTS_DIR; };
		7B0EA0751C583C96002A0366 /* AppDelegate.swift */ = {isa = PBXFileReference; lastKnownFileType = sourcecode.swift; path = AppDelegate.swift; sourceTree = "<group>"; };
		7B0EA0771C583C96002A0366 /* ViewController.swift */ = {isa = PBXFileReference; lastKnownFileType = sourcecode.swift; path = ViewController.swift; sourceTree = "<group>"; };
		7B0EA07A1C583C96002A0366 /* Base */ = {isa = PBXFileReference; lastKnownFileType = file.storyboard; name = Base; path = Base.lproj/Main.storyboard; sourceTree = "<group>"; };
		7B0EA07C1C583C96002A0366 /* Assets.xcassets */ = {isa = PBXFileReference; lastKnownFileType = folder.assetcatalog; path = Assets.xcassets; sourceTree = "<group>"; };
		7B0EA07F1C583C96002A0366 /* Base */ = {isa = PBXFileReference; lastKnownFileType = file.storyboard; name = Base; path = Base.lproj/LaunchScreen.storyboard; sourceTree = "<group>"; };
		7B0EA0811C583C96002A0366 /* Info.plist */ = {isa = PBXFileReference; lastKnownFileType = text.plist.xml; path = Info.plist; sourceTree = "<group>"; };
		7B0EA0861C583C97002A0366 /* Scavenger HuntTests.xctest */ = {isa = PBXFileReference; explicitFileType = wrapper.cfbundle; includeInIndex = 0; path = "Scavenger HuntTests.xctest"; sourceTree = BUILT_PRODUCTS_DIR; };
		7B0EA08A1C583C97002A0366 /* Scavenger_HuntTests.swift */ = {isa = PBXFileReference; lastKnownFileType = sourcecode.swift; path = Scavenger_HuntTests.swift; sourceTree = "<group>"; };
		7B0EA08C1C583C97002A0366 /* Info.plist */ = {isa = PBXFileReference; lastKnownFileType = text.plist.xml; path = Info.plist; sourceTree = "<group>"; };
		7B0EA0911C583C97002A0366 /* Scavenger HuntUITests.xctest */ = {isa = PBXFileReference; explicitFileType = wrapper.cfbundle; includeInIndex = 0; path = "Scavenger HuntUITests.xctest"; sourceTree = BUILT_PRODUCTS_DIR; };
		7B0EA0951C583C97002A0366 /* Scavenger_HuntUITests.swift */ = {isa = PBXFileReference; lastKnownFileType = sourcecode.swift; path = Scavenger_HuntUITests.swift; sourceTree = "<group>"; };
		7B0EA0971C583C97002A0366 /* Info.plist */ = {isa = PBXFileReference; lastKnownFileType = text.plist.xml; path = Info.plist; sourceTree = "<group>"; };
/* End PBXFileReference section */

/* Begin PBXFrameworksBuildPhase section */
		7B0EA06F1C583C96002A0366 /* Frameworks */ = {
			isa = PBXFrameworksBuildPhase;
			buildActionMask = 2147483647;
			files = (
			);
			runOnlyForDeploymentPostprocessing = 0;
		};
		7B0EA0831C583C97002A0366 /* Frameworks */ = {
			isa = PBXFrameworksBuildPhase;
			buildActionMask = 2147483647;
			files = (
			);
			runOnlyForDeploymentPostprocessing = 0;
		};
		7B0EA08E1C583C97002A0366 /* Frameworks */ = {
			isa = PBXFrameworksBuildPhase;
			buildActionMask = 2147483647;
			files = (
			);
			runOnlyForDeploymentPostprocessing = 0;
		};
/* End PBXFrameworksBuildPhase section */

/* Begin PBXGroup section */
		7B0EA0691C583C96002A0366 = {
			isa = PBXGroup;
			children = (
				7B0EA0741C583C96002A0366 /* Scavenger Hunt */,
				7B0EA0891C583C97002A0366 /* Scavenger HuntTests */,
				7B0EA0941C583C97002A0366 /* Scavenger HuntUITests */,
				7B0EA0731C583C96002A0366 /* Products */,
			);
			sourceTree = "<group>";
		};
		7B0EA0731C583C96002A0366 /* Products */ = {
			isa = PBXGroup;
			children = (
				7B0EA0721C583C96002A0366 /* Scavenger Hunt.app */,
				7B0EA0861C583C97002A0366 /* Scavenger HuntTests.xctest */,
				7B0EA0911C583C97002A0366 /* Scavenger HuntUITests.xctest */,
			);
			name = Products;
			sourceTree = "<group>";
		};
		7B0EA0741C583C96002A0366 /* Scavenger Hunt */ = {
			isa = PBXGroup;
			children = (
				7B0EA0751C583C96002A0366 /* AppDelegate.swift */,
				7B0EA0771C583C96002A0366 /* ViewController.swift */,
				7B0EA0791C583C96002A0366 /* Main.storyboard */,
				7B0EA07C1C583C96002A0366 /* Assets.xcassets */,
				7B0EA07E1C583C96002A0366 /* LaunchScreen.storyboard */,
				7B0EA0811C583C96002A0366 /* Info.plist */,
			);
			path = "Scavenger Hunt";
			sourceTree = "<group>";
		};
		7B0EA0891C583C97002A0366 /* Scavenger HuntTests */ = {
			isa = PBXGroup;
			children = (
				7B0EA08A1C583C97002A0366 /* Scavenger_HuntTests.swift */,
				7B0EA08C1C583C97002A0366 /* Info.plist */,
			);
			path = "Scavenger HuntTests";
			sourceTree = "<group>";
		};
		7B0EA0941C583C97002A0366 /* Scavenger HuntUITests */ = {
			isa = PBXGroup;
			children = (
				7B0EA0951C583C97002A0366 /* Scavenger_HuntUITests.swift */,
				7B0EA0971C583C97002A0366 /* Info.plist */,
			);
			path = "Scavenger HuntUITests";
			sourceTree = "<group>";
		};
/* End PBXGroup section */

/* Begin PBXNativeTarget section */
		7B0EA0711C583C96002A0366 /* Scavenger Hunt */ = {
			isa = PBXNativeTarget;
			buildConfigurationList = 7B0EA09A1C583C97002A0366 /* Build configuration list for PBXNativeTarget "Scavenger Hunt" */;
			buildPhases = (
				7B0EA06E1C583C96002A0366 /* Sources */,
				7B0EA06F1C583C96002A0366 /* Frameworks */,
				7B0EA0701C583C96002A0366 /* Resources */,
			);
			buildRules = (
			);
			dependencies = (
			);
			name = "Scavenger Hunt";
			productName = "Scavenger Hunt";
			productReference = 7B0EA0721C583C96002A0366 /* Scavenger Hunt.app */;
			productType = "com.apple.product-type.application";
		};
		7B0EA0851C583C97002A0366 /* Scavenger HuntTests */ = {
			isa = PBXNativeTarget;
			buildConfigurationList = 7B0EA09D1C583C97002A0366 /* Build configuration list for PBXNativeTarget "Scavenger HuntTests" */;
			buildPhases = (
				7B0EA0821C583C97002A0366 /* Sources */,
				7B0EA0831C583C97002A0366 /* Frameworks */,
				7B0EA0841C583C97002A0366 /* Resources */,
			);
			buildRules = (
			);
			dependencies = (
				7B0EA0881C583C97002A0366 /* PBXTargetDependency */,
			);
			name = "Scavenger HuntTests";
			productName = "Scavenger HuntTests";
			productReference = 7B0EA0861C583C97002A0366 /* Scavenger HuntTests.xctest */;
			productType = "com.apple.product-type.bundle.unit-test";
		};
		7B0EA0901C583C97002A0366 /* Scavenger HuntUITests */ = {
			isa = PBXNativeTarget;
			buildConfigurationList = 7B0EA0A01C583C97002A0366 /* Build configuration list for PBXNativeTarget "Scavenger HuntUITests" */;
			buildPhases = (
				7B0EA08D1C583C97002A0366 /* Sources */,
				7B0EA08E1C583C97002A0366 /* Frameworks */,
				7B0EA08F1C583C97002A0366 /* Resources */,
			);
			buildRules = (
			);
			dependencies = (
				7B0EA0931C583C97002A0366 /* PBXTargetDependency */,
			);
			name = "Scavenger HuntUITests";
			productName = "Scavenger HuntUITests";
			productReference = 7B0EA0911C583C97002A0366 /* Scavenger HuntUITests.xctest */;
			productType = "com.apple.product-type.bundle.ui-testing";
		};
/* End PBXNativeTarget section */

/* Begin PBXProject section */
		7B0EA06A1C583C96002A0366 /* Project object */ = {
			isa = PBXProject;
			attributes = {
				LastSwiftUpdateCheck = 0720;
				LastUpgradeCheck = 0720;
				ORGANIZATIONNAME = "Ahad Sheriff";
				TargetAttributes = {
					7B0EA0711C583C96002A0366 = {
						CreatedOnToolsVersion = 7.2;
					};
					7B0EA0851C583C97002A0366 = {
						CreatedOnToolsVersion = 7.2;
						TestTargetID = 7B0EA0711C583C96002A0366;
					};
					7B0EA0901C583C97002A0366 = {
						CreatedOnToolsVersion = 7.2;
						TestTargetID = 7B0EA0711C583C96002A0366;
					};
				};
			};
			buildConfigurationList = 7B0EA06D1C583C96002A0366 /* Build configuration list for PBXProject "Scavenger Hunt" */;
			compatibilityVersion = "Xcode 3.2";
			developmentRegion = English;
			hasScannedForEncodings = 0;
			knownRegions = (
				en,
				Base,
			);
			mainGroup = 7B0EA0691C583C96002A0366;
			productRefGroup = 7B0EA0731C583C96002A0366 /* Products */;
			projectDirPath = "";
			projectRoot = "";
			targets = (
				7B0EA0711C583C96002A0366 /* Scavenger Hunt */,
				7B0EA0851C583C97002A0366 /* Scavenger HuntTests */,
				7B0EA0901C583C97002A0366 /* Scavenger HuntUITests */,
			);
		};
/* End PBXProject section */

/* Begin PBXResourcesBuildPhase section */
		7B0EA0701C583C96002A0366 /* Resources */ = {
			isa = PBXResourcesBuildPhase;
			buildActionMask = 2147483647;
			files = (
				7B0EA0801C583C96002A0366 /* LaunchScreen.storyboard in Resources */,
				7B0EA07D1C583C96002A0366 /* Assets.xcassets in Resources */,
				7B0EA07B1C583C96002A0366 /* Main.storyboard in Resources */,
			);
			runOnlyForDeploymentPostprocessing = 0;
		};
		7B0EA0841C583C97002A0366 /* Resources */ = {
			isa = PBXResourcesBuildPhase;
			buildActionMask = 2147483647;
			files = (
			);
			runOnlyForDeploymentPostprocessing = 0;
		};
		7B0EA08F1C583C97002A0366 /* Resources */ = {
			isa = PBXResourcesBuildPhase;
			buildActionMask = 2147483647;
			files = (
			);
			runOnlyForDeploymentPostprocessing = 0;
		};
/* End PBXResourcesBuildPhase section */

/* Begin PBXSourcesBuildPhase section */
		7B0EA06E1C583C96002A0366 /* Sources */ = {
			isa = PBXSourcesBuildPhase;
			buildActionMask = 2147483647;
			files = (
				7B0EA0781C583C96002A0366 /* ViewController.swift in Sources */,
				7B0EA0761C583C96002A0366 /* AppDelegate.swift in Sources */,
			);
			runOnlyForDeploymentPostprocessing = 0;
		};
		7B0EA0821C583C97002A0366 /* Sources */ = {
			isa = PBXSourcesBuildPhase;
			buildActionMask = 2147483647;
			files = (
				7B0EA08B1C583C97002A0366 /* Scavenger_HuntTests.swift in Sources */,
			);
			runOnlyForDeploymentPostprocessing = 0;
		};
		7B0EA08D1C583C97002A0366 /* Sources */ = {
			isa = PBXSourcesBuildPhase;
			buildActionMask = 2147483647;
			files = (
				7B0EA0961C583C97002A0366 /* Scavenger_HuntUITests.swift in Sources */,
			);
			runOnlyForDeploymentPostprocessing = 0;
		};
/* End PBXSourcesBuildPhase section */

/* Begin PBXTargetDependency section */
		7B0EA0881C583C97002A0366 /* PBXTargetDependency */ = {
			isa = PBXTargetDependency;
			target = 7B0EA0711C583C96002A0366 /* Scavenger Hunt */;
			targetProxy = 7B0EA0871C583C97002A0366 /* PBXContainerItemProxy */;
		};
		7B0EA0931C583C97002A0366 /* PBXTargetDependency */ = {
			isa = PBXTargetDependency;
			target = 7B0EA0711C583C96002A0366 /* Scavenger Hunt */;
			targetProxy = 7B0EA0921C583C97002A0366 /* PBXContainerItemProxy */;
		};
/* End PBXTargetDependency section */

/* Begin PBXVariantGroup section */
		7B0EA0791C583C96002A0366 /* Main.storyboard */ = {
			isa = PBXVariantGroup;
			children = (
				7B0EA07A1C583C96002A0366 /* Base */,
			);
			name = Main.storyboard;
			sourceTree = "<group>";
		};
		7B0EA07E1C583C96002A0366 /* LaunchScreen.storyboard */ = {
			isa = PBXVariantGroup;
			children = (
				7B0EA07F1C583C96002A0366 /* Base */,
			);
			name = LaunchScreen.storyboard;
			sourceTree = "<group>";
		};
/* End PBXVariantGroup section */

/* Begin XCBuildConfiguration section */
		7B0EA0981C583C97002A0366 /* Debug */ = {
			isa = XCBuildConfiguration;
			buildSettings = {
				ALWAYS_SEARCH_USER_PATHS = NO;
				CLANG_CXX_LANGUAGE_STANDARD = "gnu++0x";
				CLANG_CXX_LIBRARY = "libc++";
				CLANG_ENABLE_MODULES = YES;
				CLANG_ENABLE_OBJC_ARC = YES;
				CLANG_WARN_BOOL_CONVERSION = YES;
				CLANG_WARN_CONSTANT_CONVERSION = YES;
				CLANG_WARN_DIRECT_OBJC_ISA_USAGE = YES_ERROR;
				CLANG_WARN_EMPTY_BODY = YES;
				CLANG_WARN_ENUM_CONVERSION = YES;
				CLANG_WARN_INT_CONVERSION = YES;
				CLANG_WARN_OBJC_ROOT_CLASS = YES_ERROR;
				CLANG_WARN_UNREACHABLE_CODE = YES;
				CLANG_WARN__DUPLICATE_METHOD_MATCH = YES;
				"CODE_SIGN_IDENTITY[sdk=iphoneos*]" = "iPhone Developer";
				COPY_PHASE_STRIP = NO;
				DEBUG_INFORMATION_FORMAT = dwarf;
				ENABLE_STRICT_OBJC_MSGSEND = YES;
				ENABLE_TESTABILITY = YES;
				GCC_C_LANGUAGE_STANDARD = gnu99;
				GCC_DYNAMIC_NO_PIC = NO;
				GCC_NO_COMMON_BLOCKS = YES;
				GCC_OPTIMIZATION_LEVEL = 0;
				GCC_PREPROCESSOR_DEFINITIONS = (
					"DEBUG=1",
					"$(inherited)",
				);
				GCC_WARN_64_TO_32_BIT_CONVERSION = YES;
				GCC_WARN_ABOUT_RETURN_TYPE = YES_ERROR;
				GCC_WARN_UNDECLARED_SELECTOR = YES;
				GCC_WARN_UNINITIALIZED_AUTOS = YES_AGGRESSIVE;
				GCC_WARN_UNUSED_FUNCTION = YES;
				GCC_WARN_UNUSED_VARIABLE = YES;
				IPHONEOS_DEPLOYMENT_TARGET = 9.2;
				MTL_ENABLE_DEBUG_INFO = YES;
				ONLY_ACTIVE_ARCH = YES;
				SDKROOT = iphoneos;
				SWIFT_OPTIMIZATION_LEVEL = "-Onone";
				TARGETED_DEVICE_FAMILY = "1,2";
			};
			name = Debug;
		};
		7B0EA0991C583C97002A0366 /* Release */ = {
			isa = XCBuildConfiguration;
			buildSettings = {
				ALWAYS_SEARCH_USER_PATHS = NO;
				CLANG_CXX_LANGUAGE_STANDARD = "gnu++0x";
				CLANG_CXX_LIBRARY = "libc++";
				CLANG_ENABLE_MODULES = YES;
				CLANG_ENABLE_OBJC_ARC = YES;
				CLANG_WARN_BOOL_CONVERSION = YES;
				CLANG_WARN_CONSTANT_CONVERSION = YES;
				CLANG_WARN_DIRECT_OBJC_ISA_USAGE = YES_ERROR;
				CLANG_WARN_EMPTY_BODY = YES;
				CLANG_WARN_ENUM_CONVERSION = YES;
				CLANG_WARN_INT_CONVERSION = YES;
				CLANG_WARN_OBJC_ROOT_CLASS = YES_ERROR;
				CLANG_WARN_UNREACHABLE_CODE = YES;
				CLANG_WARN__DUPLICATE_METHOD_MATCH = YES;
				"CODE_SIGN_IDENTITY[sdk=iphoneos*]" = "iPhone Developer";
				COPY_PHASE_STRIP = NO;
				DEBUG_INFORMATION_FORMAT = "dwarf-with-dsym";
				ENABLE_NS_ASSERTIONS = NO;
				ENABLE_STRICT_OBJC_MSGSEND = YES;
				GCC_C_LANGUAGE_STANDARD = gnu99;
				GCC_NO_COMMON_BLOCKS = YES;
				GCC_WARN_64_TO_32_BIT_CONVERSION = YES;
				GCC_WARN_ABOUT_RETURN_TYPE = YES_ERROR;
				GCC_WARN_UNDECLARED_SELECTOR = YES;
				GCC_WARN_UNINITIALIZED_AUTOS = YES_AGGRESSIVE;
				GCC_WARN_UNUSED_FUNCTION = YES;
				GCC_WARN_UNUSED_VARIABLE = YES;
				IPHONEOS_DEPLOYMENT_TARGET = 9.2;
				MTL_ENABLE_DEBUG_INFO = NO;
				SDKROOT = iphoneos;
				TARGETED_DEVICE_FAMILY = "1,2";
				VALIDATE_PRODUCT = YES;
			};
			name = Release;
		};
		7B0EA09B1C583C97002A0366 /* Debug */ = {
			isa = XCBuildConfiguration;
			buildSettings = {
				ASSETCATALOG_COMPILER_APPICON_NAME = AppIcon;
				INFOPLIST_FILE = "Scavenger Hunt/Info.plist";
				LD_RUNPATH_SEARCH_PATHS = "$(inherited) @executable_path/Frameworks";
				PRODUCT_BUNDLE_IDENTIFIER = "ahadsheriff.Scavenger-Hunt";
				PRODUCT_NAME = "$(TARGET_NAME)";
			};
			name = Debug;
		};
		7B0EA09C1C583C97002A0366 /* Release */ = {
			isa = XCBuildConfiguration;
			buildSettings = {
				ASSETCATALOG_COMPILER_APPICON_NAME = AppIcon;
				INFOPLIST_FILE = "Scavenger Hunt/Info.plist";
				LD_RUNPATH_SEARCH_PATHS = "$(inherited) @executable_path/Frameworks";
				PRODUCT_BUNDLE_IDENTIFIER = "ahadsheriff.Scavenger-Hunt";
				PRODUCT_NAME = "$(TARGET_NAME)";
			};
			name = Release;
		};
		7B0EA09E1C583C97002A0366 /* Debug */ = {
			isa = XCBuildConfiguration;
			buildSettings = {
				BUNDLE_LOADER = "$(TEST_HOST)";
				INFOPLIST_FILE = "Scavenger HuntTests/Info.plist";
				LD_RUNPATH_SEARCH_PATHS = "$(inherited) @executable_path/Frameworks @loader_path/Frameworks";
				PRODUCT_BUNDLE_IDENTIFIER = "ahadsheriff.Scavenger-HuntTests";
				PRODUCT_NAME = "$(TARGET_NAME)";
				TEST_HOST = "$(BUILT_PRODUCTS_DIR)/Scavenger Hunt.app/Scavenger Hunt";
			};
			name = Debug;
		};
		7B0EA09F1C583C97002A0366 /* Release */ = {
			isa = XCBuildConfiguration;
			buildSettings = {
				BUNDLE_LOADER = "$(TEST_HOST)";
				INFOPLIST_FILE = "Scavenger HuntTests/Info.plist";
				LD_RUNPATH_SEARCH_PATHS = "$(inherited) @executable_path/Frameworks @loader_path/Frameworks";
				PRODUCT_BUNDLE_IDENTIFIER = "ahadsheriff.Scavenger-HuntTests";
				PRODUCT_NAME = "$(TARGET_NAME)";
				TEST_HOST = "$(BUILT_PRODUCTS_DIR)/Scavenger Hunt.app/Scavenger Hunt";
			};
			name = Release;
		};
		7B0EA0A11C583C97002A0366 /* Debug */ = {
			isa = XCBuildConfiguration;
			buildSettings = {
				INFOPLIST_FILE = "Scavenger HuntUITests/Info.plist";
				LD_RUNPATH_SEARCH_PATHS = "$(inherited) @executable_path/Frameworks @loader_path/Frameworks";
				PRODUCT_BUNDLE_IDENTIFIER = "ahadsheriff.Scavenger-HuntUITests";
				PRODUCT_NAME = "$(TARGET_NAME)";
				TEST_TARGET_NAME = "Scavenger Hunt";
				USES_XCTRUNNER = YES;
			};
			name = Debug;
		};
		7B0EA0A21C583C97002A0366 /* Release */ = {
			isa = XCBuildConfiguration;
			buildSettings = {
				INFOPLIST_FILE = "Scavenger HuntUITests/Info.plist";
				LD_RUNPATH_SEARCH_PATHS = "$(inherited) @executable_path/Frameworks @loader_path/Frameworks";
				PRODUCT_BUNDLE_IDENTIFIER = "ahadsheriff.Scavenger-HuntUITests";
				PRODUCT_NAME = "$(TARGET_NAME)";
				TEST_TARGET_NAME = "Scavenger Hunt";
				USES_XCTRUNNER = YES;
			};
			name = Release;
		};
/* End XCBuildConfiguration section */

/* Begin XCConfigurationList section */
		7B0EA06D1C583C96002A0366 /* Build configuration list for PBXProject "Scavenger Hunt" */ = {
			isa = XCConfigurationList;
			buildConfigurations = (
				7B0EA0981C583C97002A0366 /* Debug */,
				7B0EA0991C583C97002A0366 /* Release */,
			);
			defaultConfigurationIsVisible = 0;
			defaultConfigurationName = Release;
		};
		7B0EA09A1C583C97002A0366 /* Build configuration list for PBXNativeTarget "Scavenger Hunt" */ = {
			isa = XCConfigurationList;
			buildConfigurations = (
				7B0EA09B1C583C97002A0366 /* Debug */,
				7B0EA09C1C583C97002A0366 /* Release */,
			);
			defaultConfigurationIsVisible = 0;
		};
		7B0EA09D1C583C97002A0366 /* Build configuration list for PBXNativeTarget "Scavenger HuntTests" */ = {
			isa = XCConfigurationList;
			buildConfigurations = (
				7B0EA09E1C583C97002A0366 /* Debug */,
				7B0EA09F1C583C97002A0366 /* Release */,
			);
			defaultConfigurationIsVisible = 0;
		};
		7B0EA0A01C583C97002A0366 /* Build configuration list for PBXNativeTarget "Scavenger HuntUITests" */ = {
			isa = XCConfigurationList;
			buildConfigurations = (
				7B0EA0A11C583C97002A0366 /* Debug */,
				7B0EA0A21C583C97002A0366 /* Release */,
			);
			defaultConfigurationIsVisible = 0;
		};
/* End XCConfigurationList section */
	};
	rootObject = 7B0EA06A1C583C96002A0366 /* Project object */;
}
